
Microsoft Visual Studio Solution File, Format Version 12.00
# Visual Studio 15
VisualStudioVersion = 15.0.28307.1022
MinimumVisualStudioVersion = 10.0.40219.1
Project("{FAE04EC0-301F-11D3-BF4B-00C04F79EFBC}") = "c3d4sharp", "c3d4sharp\c3d4sharp.csproj", "{298BFF4D-2AD3-40F9-84EC-C9767343231E}"
EndProject
Project("{2150E333-8FDC-42A3-9474-1A3956D46DE8}") = "Examples", "Examples", "{D9C842C0-31A0-449A-9AB1-6F6463238F34}"
EndProject
Project("{FAE04EC0-301F-11D3-BF4B-00C04F79EFBC}") = "SimpleWriter", "..\samples\SimpleWriter\SimpleWriter.csproj", "{86577C2F-925C-447D-9A6B-B55F8AA2EE25}"
EndProject
Project("{FAE04EC0-301F-11D3-BF4B-00C04F79EFBC}") = "SimpleReader", "..\samples\SimpleReader\SimpleReader.csproj", "{335F6E78-8125-4E62-A9F6-AA52CA39D558}"
EndProject
Project("{FAE04EC0-301F-11D3-BF4B-00C04F79EFBC}") = "WritingMultipleAnalogData", "..\samples\WritingMultipleAnalogData\WritingMultipleAnalogData.csproj", "{BC921E7E-1DE0-4229-9950-5EC398607D87}"
EndProject
Project("{FAE04EC0-301F-11D3-BF4B-00C04F79EFBC}") = "KinectSkeletalRecorder", "..\samples\KinectSkeletalRecorder\KinectSkeletalRecorder.csproj", "{269A7B21-FBFE-4E7A-8BBE-C8DE2EC0D833}"
EndProject
Global
	GlobalSection(SolutionConfigurationPlatforms) = preSolution
		Debug|Any CPU = Debug|Any CPU
		Release|Any CPU = Release|Any CPU
	EndGlobalSection
	GlobalSection(ProjectConfigurationPlatforms) = postSolution
		{298BFF4D-2AD3-40F9-84EC-C9767343231E}.Debug|Any CPU.ActiveCfg = Debug|Any CPU
		{298BFF4D-2AD3-40F9-84EC-C9767343231E}.Debug|Any CPU.Build.0 = Debug|Any CPU
		{298BFF4D-2AD3-40F9-84EC-C9767343231E}.Release|Any CPU.ActiveCfg = Release|Any CPU
		{298BFF4D-2AD3-40F9-84EC-C9767343231E}.Release|Any CPU.Build.0 = Release|Any CPU
		{86577C2F-925C-447D-9A6B-B55F8AA2EE25}.Debug|Any CPU.ActiveCfg = Debug|Any CPU
		{86577C2F-925C-447D-9A6B-B55F8AA2EE25}.Debug|Any CPU.Build.0 = Debug|Any CPU
		{86577C2F-925C-447D-9A6B-B55F8AA2EE25}.Release|Any CPU.ActiveCfg = Release|Any CPU
		{86577C2F-925C-447D-9A6B-B55F8AA2EE25}.Release|Any CPU.Build.0 = Release|Any CPU
		{335F6E78-8125-4E62-A9F6-AA52CA39D558}.Debug|Any CPU.ActiveCfg = Debug|Any CPU
		{335F6E78-8125-4E62-A9F6-AA52CA39D558}.Debug|Any CPU.Build.0 = Debug|Any CPU
		{335F6E78-8125-4E62-A9F6-AA52CA39D558}.Release|Any CPU.ActiveCfg = Release|Any CPU
		{335F6E78-8125-4E62-A9F6-AA52CA39D558}.Release|Any CPU.Build.0 = Release|Any CPU
		{BC921E7E-1DE0-4229-9950-5EC398607D87}.Debug|Any CPU.ActiveCfg = Debug|Any CPU
		{BC921E7E-1DE0-4229-9950-5EC398607D87}.Debug|Any CPU.Build.0 = Debug|Any CPU
		{BC921E7E-1DE0-4229-9950-5EC398607D87}.Release|Any CPU.ActiveCfg = Release|Any CPU
		{BC921E7E-1DE0-4229-9950-5EC398607D87}.Release|Any CPU.Build.0 = Release|Any CPU
		{269A7B21-FBFE-4E7A-8BBE-C8DE2EC0D833}.Debug|Any CPU.ActiveCfg = Debug|Any CPU
		{269A7B21-FBFE-4E7A-8BBE-C8DE2EC0D833}.Debug|Any CPU.Build.0 = Debug|Any CPU
		{269A7B21-FBFE-4E7A-8BBE-C8DE2EC0D833}.Release|Any CPU.ActiveCfg = Release|Any CPU
		{269A7B21-FBFE-4E7A-8BBE-C8DE2EC0D833}.Release|Any CPU.Build.0 = Release|Any CPU
	EndGlobalSection
	GlobalSection(SolutionProperties) = preSolution
		HideSolutionNode = FALSE
	EndGlobalSection
	GlobalSection(NestedProjects) = preSolution
		{86577C2F-925C-447D-9A6B-B55F8AA2EE25} = {D9C842C0-31A0-449A-9AB1-6F6463238F34}
		{335F6E78-8125-4E62-A9F6-AA52CA39D558} = {D9C842C0-31A0-449A-9AB1-6F6463238F34}
		{BC921E7E-1DE0-4229-9950-5EC398607D87} = {D9C842C0-31A0-449A-9AB1-6F6463238F34}
		{269A7B21-FBFE-4E7A-8BBE-C8DE2EC0D833} = {D9C842C0-31A0-449A-9AB1-6F6463238F34}
	EndGlobalSection
	GlobalSection(ExtensibilityGlobals) = postSolution
		SolutionGuid = {7C895D9F-9E71-450F-B45E-5C106D2BD2E3}
	EndGlobalSection
EndGlobal
